// !$*UTF8*$!
{
	archiveVersion = 1;
	classes = {
	};
	objectVersion = 77;
	objects = {

/* Begin PBXBuildFile section */
		1657DCB92CE00841005BE04E /* ContentView.swift in Sources */ = {isa = PBXBuildFile; fileRef = 1657DCB62CE00841005BE04E /* ContentView.swift */; };
		1657DCBA2CE00841005BE04E /* HealthImportDemoApp.swift in Sources */ = {isa = PBXBuildFile; fileRef = 1657DCB72CE00841005BE04E /* HealthImportDemoApp.swift */; };
		1657DCBB2CE00841005BE04E /* Preview Assets.xcassets in Resources */ = {isa = PBXBuildFile; fileRef = 1657DCB32CE00841005BE04E /* Preview Assets.xcassets */; };
		1657DCBC2CE00841005BE04E /* Assets.xcassets in Resources */ = {isa = PBXBuildFile; fileRef = 1657DCB52CE00841005BE04E /* Assets.xcassets */; };
		1657DCC12CE009DA005BE04E /* HealthStore.swift in Sources */ = {isa = PBXBuildFile; fileRef = 1657DCC02CE009D7005BE04E /* HealthStore.swift */; };
		1657DCC32CE00A13005BE04E /* HealthProvider.swift in Sources */ = {isa = PBXBuildFile; fileRef = 1657DCC22CE00A0F005BE04E /* HealthProvider.swift */; };
		1657DCC62CE00A77005BE04E /* Log+Debug.swift in Sources */ = {isa = PBXBuildFile; fileRef = 1657DCC52CE00A74005BE04E /* Log+Debug.swift */; };
		1657DCC82CE00AAD005BE04E /* GenericError.swift in Sources */ = {isa = PBXBuildFile; fileRef = 1657DCC72CE00AA9005BE04E /* GenericError.swift */; };
		1657DCCD2CE00F1E005BE04E /* FitDataProtocol in Frameworks */ = {isa = PBXBuildFile; productRef = 1657DCCC2CE00F1E005BE04E /* FitDataProtocol */; };
		1657DCDE2CE0F7E9005BE04E /* Calendar+Additions.swift in Sources */ = {isa = PBXBuildFile; fileRef = 1657DCDD2CE0F7E4005BE04E /* Calendar+Additions.swift */; };
		1657DCE02CE0F9EE005BE04E /* FitFileProcessor.swift in Sources */ = {isa = PBXBuildFile; fileRef = 1657DCDF2CE0F9EA005BE04E /* FitFileProcessor.swift */; };
		1657DCE32CE1092C005BE04E /* UTType+Additions.swift in Sources */ = {isa = PBXBuildFile; fileRef = 1657DCE22CE10927005BE04E /* UTType+Additions.swift */; };
		1657DCE62CE10B20005BE04E /* Model.swift in Sources */ = {isa = PBXBuildFile; fileRef = 1657DCE52CE10B1D005BE04E /* Model.swift */; };
		1657DCE82CE16218005BE04E /* TimeHelper.swift in Sources */ = {isa = PBXBuildFile; fileRef = 1657DCE72CE16214005BE04E /* TimeHelper.swift */; };
		1657DCED2CE169B6005BE04E /* cycling_power.fit in Resources */ = {isa = PBXBuildFile; fileRef = 1657DCEB2CE169B6005BE04E /* cycling_power.fit */; };
		1657DCEF2CE169B6005BE04E /* cycling_zwift.fit in Resources */ = {isa = PBXBuildFile; fileRef = 1657DCEC2CE169B6005BE04E /* cycling_zwift.fit */; };
		1657DCF12CE16D3D005BE04E /* cycling.fit in Resources */ = {isa = PBXBuildFile; fileRef = 1657DCF02CE16D3D005BE04E /* cycling.fit */; };
		1657DD102CE510F1005BE04E /* WorkoutImporter.swift in Sources */ = {isa = PBXBuildFile; fileRef = 1657DD0F2CE510D6005BE04E /* WorkoutImporter.swift */; };
		1657DD122CE54662005BE04E /* WorkoutViewModel.swift in Sources */ = {isa = PBXBuildFile; fileRef = 1657DD112CE5465F005BE04E /* WorkoutViewModel.swift */; };
		1657DD142CE54E81005BE04E /* WorkoutData.swift in Sources */ = {isa = PBXBuildFile; fileRef = 1657DD132CE54E73005BE04E /* WorkoutData.swift */; };
		1657DD162CE565C5005BE04E /* HealthKit+Additions.swift in Sources */ = {isa = PBXBuildFile; fileRef = 1657DD152CE565C0005BE04E /* HealthKit+Additions.swift */; };
/* End PBXBuildFile section */

/* Begin PBXFileReference section */
		1657DCA22CE0082F005BE04E /* HealthImportDemo.app */ = {isa = PBXFileReference; explicitFileType = wrapper.application; includeInIndex = 0; path = HealthImportDemo.app; sourceTree = BUILT_PRODUCTS_DIR; };
		1657DCB32CE00841005BE04E /* Preview Assets.xcassets */ = {isa = PBXFileReference; lastKnownFileType = folder.assetcatalog; path = "Preview Assets.xcassets"; sourceTree = "<group>"; };
		1657DCB52CE00841005BE04E /* Assets.xcassets */ = {isa = PBXFileReference; lastKnownFileType = folder.assetcatalog; path = Assets.xcassets; sourceTree = "<group>"; };
		1657DCB62CE00841005BE04E /* ContentView.swift */ = {isa = PBXFileReference; lastKnownFileType = sourcecode.swift; path = ContentView.swift; sourceTree = "<group>"; };
		1657DCB72CE00841005BE04E /* HealthImportDemoApp.swift */ = {isa = PBXFileReference; lastKnownFileType = sourcecode.swift; path = HealthImportDemoApp.swift; sourceTree = "<group>"; };
		1657DCC02CE009D7005BE04E /* HealthStore.swift */ = {isa = PBXFileReference; lastKnownFileType = sourcecode.swift; path = HealthStore.swift; sourceTree = "<group>"; };
		1657DCC22CE00A0F005BE04E /* HealthProvider.swift */ = {isa = PBXFileReference; lastKnownFileType = sourcecode.swift; path = HealthProvider.swift; sourceTree = "<group>"; };
		1657DCC52CE00A74005BE04E /* Log+Debug.swift */ = {isa = PBXFileReference; lastKnownFileType = sourcecode.swift; path = "Log+Debug.swift"; sourceTree = "<group>"; };
		1657DCC72CE00AA9005BE04E /* GenericError.swift */ = {isa = PBXFileReference; lastKnownFileType = sourcecode.swift; path = GenericError.swift; sourceTree = "<group>"; };
		1657DCDD2CE0F7E4005BE04E /* Calendar+Additions.swift */ = {isa = PBXFileReference; lastKnownFileType = sourcecode.swift; path = "Calendar+Additions.swift"; sourceTree = "<group>"; };
		1657DCDF2CE0F9EA005BE04E /* FitFileProcessor.swift */ = {isa = PBXFileReference; lastKnownFileType = sourcecode.swift; path = FitFileProcessor.swift; sourceTree = "<group>"; };
		1657DCE12CE10897005BE04E /* Info.plist */ = {isa = PBXFileReference; lastKnownFileType = text.plist.xml; path = Info.plist; sourceTree = "<group>"; };
		1657DCE22CE10927005BE04E /* UTType+Additions.swift */ = {isa = PBXFileReference; lastKnownFileType = sourcecode.swift; path = "UTType+Additions.swift"; sourceTree = "<group>"; };
		1657DCE42CE10A63005BE04E /* HealthImportDemo.entitlements */ = {isa = PBXFileReference; lastKnownFileType = text.plist.entitlements; path = HealthImportDemo.entitlements; sourceTree = "<group>"; };
		1657DCE52CE10B1D005BE04E /* Model.swift */ = {isa = PBXFileReference; lastKnownFileType = sourcecode.swift; path = Model.swift; sourceTree = "<group>"; };
		1657DCE72CE16214005BE04E /* TimeHelper.swift */ = {isa = PBXFileReference; lastKnownFileType = sourcecode.swift; path = TimeHelper.swift; sourceTree = "<group>"; };
		1657DCEB2CE169B6005BE04E /* cycling_power.fit */ = {isa = PBXFileReference; lastKnownFileType = file; path = cycling_power.fit; sourceTree = "<group>"; };
		1657DCEC2CE169B6005BE04E /* cycling_zwift.fit */ = {isa = PBXFileReference; lastKnownFileType = file; path = cycling_zwift.fit; sourceTree = "<group>"; };
		1657DCF02CE16D3D005BE04E /* cycling.fit */ = {isa = PBXFileReference; lastKnownFileType = file; path = cycling.fit; sourceTree = "<group>"; };
		1657DD0F2CE510D6005BE04E /* WorkoutImporter.swift */ = {isa = PBXFileReference; lastKnownFileType = sourcecode.swift; path = WorkoutImporter.swift; sourceTree = "<group>"; };
		1657DD112CE5465F005BE04E /* WorkoutViewModel.swift */ = {isa = PBXFileReference; lastKnownFileType = sourcecode.swift; path = WorkoutViewModel.swift; sourceTree = "<group>"; };
		1657DD132CE54E73005BE04E /* WorkoutData.swift */ = {isa = PBXFileReference; lastKnownFileType = sourcecode.swift; path = WorkoutData.swift; sourceTree = "<group>"; };
		1657DD152CE565C0005BE04E /* HealthKit+Additions.swift */ = {isa = PBXFileReference; lastKnownFileType = sourcecode.swift; path = "HealthKit+Additions.swift"; sourceTree = "<group>"; };
		1657DD172CE64801005BE04E /* README.md */ = {isa = PBXFileReference; lastKnownFileType = net.daringfireball.markdown; path = README.md; sourceTree = "<group>"; };
/* End PBXFileReference section */

/* Begin PBXFrameworksBuildPhase section */
		1657DC9F2CE0082F005BE04E /* Frameworks */ = {
			isa = PBXFrameworksBuildPhase;
			buildActionMask = 2147483647;
			files = (
				1657DCCD2CE00F1E005BE04E /* FitDataProtocol in Frameworks */,
			);
			runOnlyForDeploymentPostprocessing = 0;
		};
/* End PBXFrameworksBuildPhase section */

/* Begin PBXGroup section */
		1657DC992CE0082F005BE04E = {
			isa = PBXGroup;
			children = (
				1657DCB82CE00841005BE04E /* HealthImportDemo */,
				1657DD172CE64801005BE04E /* README.md */,
				1657DCA32CE0082F005BE04E /* Products */,
			);
			sourceTree = "<group>";
		};
		1657DCA32CE0082F005BE04E /* Products */ = {
			isa = PBXGroup;
			children = (
				1657DCA22CE0082F005BE04E /* HealthImportDemo.app */,
			);
			name = Products;
			sourceTree = "<group>";
		};
		1657DCB42CE00841005BE04E /* Preview Content */ = {
			isa = PBXGroup;
			children = (
				1657DCB32CE00841005BE04E /* Preview Assets.xcassets */,
			);
			path = "Preview Content";
			sourceTree = "<group>";
		};
		1657DCB82CE00841005BE04E /* HealthImportDemo */ = {
			isa = PBXGroup;
			children = (
				1657DCBD2CE0084D005BE04E /* App */,
				1657DCBE2CE00885005BE04E /* Models + Data */,
				1657DCBF2CE00899005BE04E /* Views */,
				1657DCC42CE00A61005BE04E /* Utils */,
				1657DCE92CE1698A005BE04E /* Sample Files */,
				1657DCB42CE00841005BE04E /* Preview Content */,
				1657DCB52CE00841005BE04E /* Assets.xcassets */,
				1657DCE42CE10A63005BE04E /* HealthImportDemo.entitlements */,
				1657DCE12CE10897005BE04E /* Info.plist */,
			);
			path = HealthImportDemo;
			sourceTree = "<group>";
		};
		1657DCBD2CE0084D005BE04E /* App */ = {
			isa = PBXGroup;
			children = (
				1657DCB72CE00841005BE04E /* HealthImportDemoApp.swift */,
			);
			path = App;
			sourceTree = "<group>";
		};
		1657DCBE2CE00885005BE04E /* Models + Data */ = {
			isa = PBXGroup;
			children = (
				1657DCE52CE10B1D005BE04E /* Model.swift */,
				1657DD132CE54E73005BE04E /* WorkoutData.swift */,
				1657DD112CE5465F005BE04E /* WorkoutViewModel.swift */,
				1657DCDF2CE0F9EA005BE04E /* FitFileProcessor.swift */,
				1657DD0F2CE510D6005BE04E /* WorkoutImporter.swift */,
				1657DCC22CE00A0F005BE04E /* HealthProvider.swift */,
				1657DCC02CE009D7005BE04E /* HealthStore.swift */,
			);
			path = "Models + Data";
			sourceTree = "<group>";
		};
		1657DCBF2CE00899005BE04E /* Views */ = {
			isa = PBXGroup;
			children = (
				1657DCB62CE00841005BE04E /* ContentView.swift */,
			);
			path = Views;
			sourceTree = "<group>";
		};
		1657DCC42CE00A61005BE04E /* Utils */ = {
			isa = PBXGroup;
			children = (
				1657DD152CE565C0005BE04E /* HealthKit+Additions.swift */,
				1657DCE72CE16214005BE04E /* TimeHelper.swift */,
				1657DCE22CE10927005BE04E /* UTType+Additions.swift */,
				1657DCDD2CE0F7E4005BE04E /* Calendar+Additions.swift */,
				1657DCC72CE00AA9005BE04E /* GenericError.swift */,
				1657DCC52CE00A74005BE04E /* Log+Debug.swift */,
			);
			path = Utils;
			sourceTree = "<group>";
		};
		1657DCE92CE1698A005BE04E /* Sample Files */ = {
			isa = PBXGroup;
			children = (
				1657DCF02CE16D3D005BE04E /* cycling.fit */,
				1657DCEB2CE169B6005BE04E /* cycling_power.fit */,
				1657DCEC2CE169B6005BE04E /* cycling_zwift.fit */,
			);
			path = "Sample Files";
			sourceTree = "<group>";
		};
/* End PBXGroup section */

/* Begin PBXNativeTarget section */
		1657DCA12CE0082F005BE04E /* HealthImportDemo */ = {
			isa = PBXNativeTarget;
			buildConfigurationList = 1657DCB02CE00830005BE04E /* Build configuration list for PBXNativeTarget "HealthImportDemo" */;
			buildPhases = (
				1657DC9E2CE0082F005BE04E /* Sources */,
				1657DC9F2CE0082F005BE04E /* Frameworks */,
				1657DCA02CE0082F005BE04E /* Resources */,
			);
			buildRules = (
			);
			dependencies = (
			);
			name = HealthImportDemo;
			packageProductDependencies = (
				1657DCCC2CE00F1E005BE04E /* FitDataProtocol */,
			);
			productName = HealthImportDemo;
			productReference = 1657DCA22CE0082F005BE04E /* HealthImportDemo.app */;
			productType = "com.apple.product-type.application";
		};
/* End PBXNativeTarget section */

/* Begin PBXProject section */
		1657DC9A2CE0082F005BE04E /* Project object */ = {
			isa = PBXProject;
			attributes = {
				BuildIndependentTargetsInParallel = 1;
				LastSwiftUpdateCheck = 1610;
				LastUpgradeCheck = 1610;
				TargetAttributes = {
					1657DCA12CE0082F005BE04E = {
						CreatedOnToolsVersion = 16.1;
					};
				};
			};
			buildConfigurationList = 1657DC9D2CE0082F005BE04E /* Build configuration list for PBXProject "HealthImportDemo" */;
			developmentRegion = en;
			hasScannedForEncodings = 0;
			knownRegions = (
				en,
				Base,
			);
			mainGroup = 1657DC992CE0082F005BE04E;
			minimizedProjectReferenceProxies = 1;
			packageReferences = (
				1657DCCB2CE00F1E005BE04E /* XCRemoteSwiftPackageReference "FitDataProtocol" */,
			);
			preferredProjectObjectVersion = 77;
			productRefGroup = 1657DCA32CE0082F005BE04E /* Products */;
			projectDirPath = "";
			projectRoot = "";
			targets = (
				1657DCA12CE0082F005BE04E /* HealthImportDemo */,
			);
		};
/* End PBXProject section */

/* Begin PBXResourcesBuildPhase section */
		1657DCA02CE0082F005BE04E /* Resources */ = {
			isa = PBXResourcesBuildPhase;
			buildActionMask = 2147483647;
			files = (
				1657DCF12CE16D3D005BE04E /* cycling.fit in Resources */,
				1657DCED2CE169B6005BE04E /* cycling_power.fit in Resources */,
				1657DCEF2CE169B6005BE04E /* cycling_zwift.fit in Resources */,
				1657DCBB2CE00841005BE04E /* Preview Assets.xcassets in Resources */,
				1657DCBC2CE00841005BE04E /* Assets.xcassets in Resources */,
			);
			runOnlyForDeploymentPostprocessing = 0;
		};
/* End PBXResourcesBuildPhase section */

/* Begin PBXSourcesBuildPhase section */
		1657DC9E2CE0082F005BE04E /* Sources */ = {
			isa = PBXSourcesBuildPhase;
			buildActionMask = 2147483647;
			files = (
				1657DCE32CE1092C005BE04E /* UTType+Additions.swift in Sources */,
				1657DD122CE54662005BE04E /* WorkoutViewModel.swift in Sources */,
				1657DD162CE565C5005BE04E /* HealthKit+Additions.swift in Sources */,
				1657DCE82CE16218005BE04E /* TimeHelper.swift in Sources */,
				1657DCE02CE0F9EE005BE04E /* FitFileProcessor.swift in Sources */,
				1657DCC82CE00AAD005BE04E /* GenericError.swift in Sources */,
				1657DCE62CE10B20005BE04E /* Model.swift in Sources */,
				1657DD142CE54E81005BE04E /* WorkoutData.swift in Sources */,
				1657DCC32CE00A13005BE04E /* HealthProvider.swift in Sources */,
				1657DCB92CE00841005BE04E /* ContentView.swift in Sources */,
				1657DCC62CE00A77005BE04E /* Log+Debug.swift in Sources */,
				1657DD102CE510F1005BE04E /* WorkoutImporter.swift in Sources */,
				1657DCC12CE009DA005BE04E /* HealthStore.swift in Sources */,
				1657DCDE2CE0F7E9005BE04E /* Calendar+Additions.swift in Sources */,
				1657DCBA2CE00841005BE04E /* HealthImportDemoApp.swift in Sources */,
			);
			runOnlyForDeploymentPostprocessing = 0;
		};
/* End PBXSourcesBuildPhase section */

/* Begin XCBuildConfiguration section */
		1657DCAE2CE00830005BE04E /* Debug */ = {
			isa = XCBuildConfiguration;
			buildSettings = {
				ALWAYS_SEARCH_USER_PATHS = NO;
				ASSETCATALOG_COMPILER_GENERATE_SWIFT_ASSET_SYMBOL_EXTENSIONS = YES;
				CLANG_ANALYZER_NONNULL = YES;
				CLANG_ANALYZER_NUMBER_OBJECT_CONVERSION = YES_AGGRESSIVE;
				CLANG_CXX_LANGUAGE_STANDARD = "gnu++20";
				CLANG_ENABLE_MODULES = YES;
				CLANG_ENABLE_OBJC_ARC = YES;
				CLANG_ENABLE_OBJC_WEAK = YES;
				CLANG_WARN_BLOCK_CAPTURE_AUTORELEASING = YES;
				CLANG_WARN_BOOL_CONVERSION = YES;
				CLANG_WARN_COMMA = YES;
				CLANG_WARN_CONSTANT_CONVERSION = YES;
				CLANG_WARN_DEPRECATED_OBJC_IMPLEMENTATIONS = YES;
				CLANG_WARN_DIRECT_OBJC_ISA_USAGE = YES_ERROR;
				CLANG_WARN_DOCUMENTATION_COMMENTS = YES;
				CLANG_WARN_EMPTY_BODY = YES;
				CLANG_WARN_ENUM_CONVERSION = YES;
				CLANG_WARN_INFINITE_RECURSION = YES;
				CLANG_WARN_INT_CONVERSION = YES;
				CLANG_WARN_NON_LITERAL_NULL_CONVERSION = YES;
				CLANG_WARN_OBJC_IMPLICIT_RETAIN_SELF = YES;
				CLANG_WARN_OBJC_LITERAL_CONVERSION = YES;
				CLANG_WARN_OBJC_ROOT_CLASS = YES_ERROR;
				CLANG_WARN_QUOTED_INCLUDE_IN_FRAMEWORK_HEADER = YES;
				CLANG_WARN_RANGE_LOOP_ANALYSIS = YES;
				CLANG_WARN_STRICT_PROTOTYPES = YES;
				CLANG_WARN_SUSPICIOUS_MOVE = YES;
				CLANG_WARN_UNGUARDED_AVAILABILITY = YES_AGGRESSIVE;
				CLANG_WARN_UNREACHABLE_CODE = YES;
				CLANG_WARN__DUPLICATE_METHOD_MATCH = YES;
				COPY_PHASE_STRIP = NO;
				DEBUG_INFORMATION_FORMAT = dwarf;
				ENABLE_STRICT_OBJC_MSGSEND = YES;
				ENABLE_TESTABILITY = YES;
				ENABLE_USER_SCRIPT_SANDBOXING = YES;
				GCC_C_LANGUAGE_STANDARD = gnu17;
				GCC_DYNAMIC_NO_PIC = NO;
				GCC_NO_COMMON_BLOCKS = YES;
				GCC_OPTIMIZATION_LEVEL = 0;
				GCC_PREPROCESSOR_DEFINITIONS = (
					"DEBUG=1",
					"$(inherited)",
				);
				GCC_WARN_64_TO_32_BIT_CONVERSION = YES;
				GCC_WARN_ABOUT_RETURN_TYPE = YES_ERROR;
				GCC_WARN_UNDECLARED_SELECTOR = YES;
				GCC_WARN_UNINITIALIZED_AUTOS = YES_AGGRESSIVE;
				GCC_WARN_UNUSED_FUNCTION = YES;
				GCC_WARN_UNUSED_VARIABLE = YES;
				IPHONEOS_DEPLOYMENT_TARGET = 18.1;
				LOCALIZATION_PREFERS_STRING_CATALOGS = YES;
				MTL_ENABLE_DEBUG_INFO = INCLUDE_SOURCE;
				MTL_FAST_MATH = YES;
				ONLY_ACTIVE_ARCH = YES;
				SDKROOT = iphoneos;
				SWIFT_ACTIVE_COMPILATION_CONDITIONS = "DEBUG $(inherited)";
				SWIFT_OPTIMIZATION_LEVEL = "-Onone";
			};
			name = Debug;
		};
		1657DCAF2CE00830005BE04E /* Release */ = {
			isa = XCBuildConfiguration;
			buildSettings = {
				ALWAYS_SEARCH_USER_PATHS = NO;
				ASSETCATALOG_COMPILER_GENERATE_SWIFT_ASSET_SYMBOL_EXTENSIONS = YES;
				CLANG_ANALYZER_NONNULL = YES;
				CLANG_ANALYZER_NUMBER_OBJECT_CONVERSION = YES_AGGRESSIVE;
				CLANG_CXX_LANGUAGE_STANDARD = "gnu++20";
				CLANG_ENABLE_MODULES = YES;
				CLANG_ENABLE_OBJC_ARC = YES;
				CLANG_ENABLE_OBJC_WEAK = YES;
				CLANG_WARN_BLOCK_CAPTURE_AUTORELEASING = YES;
				CLANG_WARN_BOOL_CONVERSION = YES;
				CLANG_WARN_COMMA = YES;
				CLANG_WARN_CONSTANT_CONVERSION = YES;
				CLANG_WARN_DEPRECATED_OBJC_IMPLEMENTATIONS = YES;
				CLANG_WARN_DIRECT_OBJC_ISA_USAGE = YES_ERROR;
				CLANG_WARN_DOCUMENTATION_COMMENTS = YES;
				CLANG_WARN_EMPTY_BODY = YES;
				CLANG_WARN_ENUM_CONVERSION = YES;
				CLANG_WARN_INFINITE_RECURSION = YES;
				CLANG_WARN_INT_CONVERSION = YES;
				CLANG_WARN_NON_LITERAL_NULL_CONVERSION = YES;
				CLANG_WARN_OBJC_IMPLICIT_RETAIN_SELF = YES;
				CLANG_WARN_OBJC_LITERAL_CONVERSION = YES;
				CLANG_WARN_OBJC_ROOT_CLASS = YES_ERROR;
				CLANG_WARN_QUOTED_INCLUDE_IN_FRAMEWORK_HEADER = YES;
				CLANG_WARN_RANGE_LOOP_ANALYSIS = YES;
				CLANG_WARN_STRICT_PROTOTYPES = YES;
				CLANG_WARN_SUSPICIOUS_MOVE = YES;
				CLANG_WARN_UNGUARDED_AVAILABILITY = YES_AGGRESSIVE;
				CLANG_WARN_UNREACHABLE_CODE = YES;
				CLANG_WARN__DUPLICATE_METHOD_MATCH = YES;
				COPY_PHASE_STRIP = NO;
				DEBUG_INFORMATION_FORMAT = "dwarf-with-dsym";
				ENABLE_NS_ASSERTIONS = NO;
				ENABLE_STRICT_OBJC_MSGSEND = YES;
				ENABLE_USER_SCRIPT_SANDBOXING = YES;
				GCC_C_LANGUAGE_STANDARD = gnu17;
				GCC_NO_COMMON_BLOCKS = YES;
				GCC_WARN_64_TO_32_BIT_CONVERSION = YES;
				GCC_WARN_ABOUT_RETURN_TYPE = YES_ERROR;
				GCC_WARN_UNDECLARED_SELECTOR = YES;
				GCC_WARN_UNINITIALIZED_AUTOS = YES_AGGRESSIVE;
				GCC_WARN_UNUSED_FUNCTION = YES;
				GCC_WARN_UNUSED_VARIABLE = YES;
				IPHONEOS_DEPLOYMENT_TARGET = 18.1;
				LOCALIZATION_PREFERS_STRING_CATALOGS = YES;
				MTL_ENABLE_DEBUG_INFO = NO;
				MTL_FAST_MATH = YES;
				SDKROOT = iphoneos;
				SWIFT_COMPILATION_MODE = wholemodule;
				VALIDATE_PRODUCT = YES;
			};
			name = Release;
		};
		1657DCB12CE00830005BE04E /* Debug */ = {
			isa = XCBuildConfiguration;
			buildSettings = {
				ASSETCATALOG_COMPILER_APPICON_NAME = AppIcon;
				ASSETCATALOG_COMPILER_GLOBAL_ACCENT_COLOR_NAME = AccentColor;
				CODE_SIGN_ENTITLEMENTS = HealthImportDemo/HealthImportDemo.entitlements;
				CODE_SIGN_STYLE = Automatic;
				CURRENT_PROJECT_VERSION = 1;
				DEVELOPMENT_ASSET_PATHS = "\"HealthImportDemo/Preview Content\"";
				DEVELOPMENT_TEAM = C2Q5BUZ3MX;
				ENABLE_PREVIEWS = YES;
				GENERATE_INFOPLIST_FILE = YES;
				INFOPLIST_FILE = HealthImportDemo/Info.plist;
				INFOPLIST_KEY_NSHealthShareUsageDescription = "Access workouts from Health.";
				INFOPLIST_KEY_NSHealthUpdateUsageDescription = "Save workouts to Health.";
				INFOPLIST_KEY_UIApplicationSceneManifest_Generation = YES;
				INFOPLIST_KEY_UIApplicationSupportsIndirectInputEvents = YES;
				INFOPLIST_KEY_UILaunchScreen_Generation = YES;
				INFOPLIST_KEY_UISupportedInterfaceOrientations_iPad = "UIInterfaceOrientationPortrait UIInterfaceOrientationPortraitUpsideDown UIInterfaceOrientationLandscapeLeft UIInterfaceOrientationLandscapeRight";
				INFOPLIST_KEY_UISupportedInterfaceOrientations_iPhone = "UIInterfaceOrientationPortrait UIInterfaceOrientationLandscapeLeft UIInterfaceOrientationLandscapeRight";
				IPHONEOS_DEPLOYMENT_TARGET = 18.0;
				LD_RUNPATH_SEARCH_PATHS = (
					"$(inherited)",
					"@executable_path/Frameworks",
				);
				MARKETING_VERSION = 1.0;
				PRODUCT_BUNDLE_IDENTIFIER = me.axelrivera.HealthImportDemo;
				PRODUCT_NAME = "$(TARGET_NAME)";
				SUPPORTED_PLATFORMS = "iphoneos iphonesimulator";
				SUPPORTS_MACCATALYST = NO;
				SUPPORTS_MAC_DESIGNED_FOR_IPHONE_IPAD = NO;
				SUPPORTS_XR_DESIGNED_FOR_IPHONE_IPAD = NO;
				SWIFT_EMIT_LOC_STRINGS = YES;
				SWIFT_VERSION = 6.0;
				TARGETED_DEVICE_FAMILY = "1,2";
			};
			name = Debug;
		};
		1657DCB22CE00830005BE04E /* Release */ = {
			isa = XCBuildConfiguration;
			buildSettings = {
				ASSETCATALOG_COMPILER_APPICON_NAME = AppIcon;
				ASSETCATALOG_COMPILER_GLOBAL_ACCENT_COLOR_NAME = AccentColor;
				CODE_SIGN_ENTITLEMENTS = HealthImportDemo/HealthImportDemo.entitlements;
				CODE_SIGN_STYLE = Automatic;
				CURRENT_PROJECT_VERSION = 1;
				DEVELOPMENT_ASSET_PATHS = "\"HealthImportDemo/Preview Content\"";
				DEVELOPMENT_TEAM = C2Q5BUZ3MX;
				ENABLE_PREVIEWS = YES;
				GENERATE_INFOPLIST_FILE = YES;
				INFOPLIST_FILE = HealthImportDemo/Info.plist;
				INFOPLIST_KEY_NSHealthShareUsageDescription = "Access workouts from Health.";
				INFOPLIST_KEY_NSHealthUpdateUsageDescription = "Save workouts to Health.";
				INFOPLIST_KEY_UIApplicationSceneManifest_Generation = YES;
				INFOPLIST_KEY_UIApplicationSupportsIndirectInputEvents = YES;
				INFOPLIST_KEY_UILaunchScreen_Generation = YES;
				INFOPLIST_KEY_UISupportedInterfaceOrientations_iPad = "UIInterfaceOrientationPortrait UIInterfaceOrientationPortraitUpsideDown UIInterfaceOrientationLandscapeLeft UIInterfaceOrientationLandscapeRight";
				INFOPLIST_KEY_UISupportedInterfaceOrientations_iPhone = "UIInterfaceOrientationPortrait UIInterfaceOrientationLandscapeLeft UIInterfaceOrientationLandscapeRight";
				IPHONEOS_DEPLOYMENT_TARGET = 18.0;
				LD_RUNPATH_SEARCH_PATHS = (
					"$(inherited)",
					"@executable_path/Frameworks",
				);
				MARKETING_VERSION = 1.0;
				PRODUCT_BUNDLE_IDENTIFIER = me.axelrivera.HealthImportDemo;
				PRODUCT_NAME = "$(TARGET_NAME)";
				SUPPORTED_PLATFORMS = "iphoneos iphonesimulator";
				SUPPORTS_MACCATALYST = NO;
				SUPPORTS_MAC_DESIGNED_FOR_IPHONE_IPAD = NO;
				SUPPORTS_XR_DESIGNED_FOR_IPHONE_IPAD = NO;
				SWIFT_EMIT_LOC_STRINGS = YES;
				SWIFT_VERSION = 6.0;
				TARGETED_DEVICE_FAMILY = "1,2";
			};
			name = Release;
		};
/* End XCBuildConfiguration section */

/* Begin XCConfigurationList section */
		1657DC9D2CE0082F005BE04E /* Build configuration list for PBXProject "HealthImportDemo" */ = {
			isa = XCConfigurationList;
			buildConfigurations = (
				1657DCAE2CE00830005BE04E /* Debug */,
				1657DCAF2CE00830005BE04E /* Release */,
			);
			defaultConfigurationIsVisible = 0;
			defaultConfigurationName = Release;
		};
		1657DCB02CE00830005BE04E /* Build configuration list for PBXNativeTarget "HealthImportDemo" */ = {
			isa = XCConfigurationList;
			buildConfigurations = (
				1657DCB12CE00830005BE04E /* Debug */,
				1657DCB22CE00830005BE04E /* Release */,
			);
			defaultConfigurationIsVisible = 0;
			defaultConfigurationName = Release;
		};
/* End XCConfigurationList section */

/* Begin XCRemoteSwiftPackageReference section */
		1657DCCB2CE00F1E005BE04E /* XCRemoteSwiftPackageReference "FitDataProtocol" */ = {
			isa = XCRemoteSwiftPackageReference;
			repositoryURL = "https://github.com/FitnessKit/FitDataProtocol.git";
			requirement = {
				kind = upToNextMajorVersion;
				minimumVersion = 2.1.6;
			};
		};
/* End XCRemoteSwiftPackageReference section */

/* Begin XCSwiftPackageProductDependency section */
		1657DCCC2CE00F1E005BE04E /* FitDataProtocol */ = {
			isa = XCSwiftPackageProductDependency;
			package = 1657DCCB2CE00F1E005BE04E /* XCRemoteSwiftPackageReference "FitDataProtocol" */;
			productName = FitDataProtocol;
		};
/* End XCSwiftPackageProductDependency section */
	};
	rootObject = 1657DC9A2CE0082F005BE04E /* Project object */;
}
